
Microsoft Visual Studio Solution File, Format Version 12.00
# Visual Studio Version 17
VisualStudioVersion = 17.7.34031.279
MinimumVisualStudioVersion = 10.0.40219.1
Project("{2150E333-8FDC-42A3-9474-1A3956D46DE8}") = "Domain", "Domain", "{B8435411-CADB-416A-8160-B37281D05C65}"
EndProject
Project("{2150E333-8FDC-42A3-9474-1A3956D46DE8}") = "Infra.Bus", "Infra.Bus", "{403D6AE3-CE0F-4F9F-8801-3685592E67E8}"
EndProject
Project("{2150E333-8FDC-42A3-9474-1A3956D46DE8}") = "Infra.Ioc", "Infra.Ioc", "{E539CA64-1F01-4F9B-8EF4-4F6C366DF6C2}"
EndProject
Project("{2150E333-8FDC-42A3-9474-1A3956D46DE8}") = "Microservices", "Microservices", "{C9E39B1B-789C-4863-BCFA-9A378E7CA49A}"
EndProject
Project("{9A19103F-16F7-4668-BE54-9A1E7A4F7556}") = "MicroRabbit.Domain.Core", "MicroRabbit.Domain.Core\MicroRabbit.Domain.Core.csproj", "{AFB6EBDF-2291-4780-A0E4-EA210940537F}"
EndProject
Project("{9A19103F-16F7-4668-BE54-9A1E7A4F7556}") = "MicroRabbit.Infra.Bus", "MicroRabbit.Infra.Bus\MicroRabbit.Infra.Bus.csproj", "{F6B2DEB5-2D32-4F20-8F17-8041026FA4DF}"
EndProject
Project("{9A19103F-16F7-4668-BE54-9A1E7A4F7556}") = "MicroRabbit.Infra.IoC", "MicroRabbit.Infra.IoC\MicroRabbit.Infra.IoC.csproj", "{E5714A08-1F40-4EB0-9A18-3D853E47DACF}"
EndProject
Project("{2150E333-8FDC-42A3-9474-1A3956D46DE8}") = "Banking", "Banking", "{3439B912-8660-4C57-9C73-B3AC96A52D12}"
EndProject
Project("{2150E333-8FDC-42A3-9474-1A3956D46DE8}") = "Api", "Api", "{6E5ED5F4-8511-4879-A003-A69E659F0280}"
EndProject
Project("{2150E333-8FDC-42A3-9474-1A3956D46DE8}") = "Application", "Application", "{34FB1015-6DFC-45EB-AF7C-5E502CB841A8}"
EndProject
Project("{2150E333-8FDC-42A3-9474-1A3956D46DE8}") = "Data", "Data", "{0C7CD7AA-732E-44DC-9C5C-258AF53265A9}"
EndProject
Project("{2150E333-8FDC-42A3-9474-1A3956D46DE8}") = "Domain", "Domain", "{697CC9E4-99D3-4F3D-9511-0E7389267D00}"
EndProject
Project("{9A19103F-16F7-4668-BE54-9A1E7A4F7556}") = "MicroRabbitBanking.Api", "MicroRabbitBanking.Api\MicroRabbitBanking.Api.csproj", "{5812F2E0-653D-41D4-87DA-2754C0511396}"
EndProject
Project("{9A19103F-16F7-4668-BE54-9A1E7A4F7556}") = "MicroRabbit.Banking.Application", "MicroRabbit.Banking.Application\MicroRabbit.Banking.Application.csproj", "{1A06DBFE-7B81-47EC-82AB-7A91C97F16ED}"
EndProject
Project("{9A19103F-16F7-4668-BE54-9A1E7A4F7556}") = "MicroRabbit.Banking.Data", "MicroRabbit.Banking.Data\MicroRabbit.Banking.Data.csproj", "{2690DFD4-79DA-40CA-891A-9B5302D0F77F}"
EndProject
Project("{9A19103F-16F7-4668-BE54-9A1E7A4F7556}") = "MicroRabbit.Banking.Domain", "MicroRabbit.Banking.Domain\MicroRabbit.Banking.Domain.csproj", "{8C1C5EFE-2267-4335-92F6-4289D4596080}"
EndProject
Project("{2150E333-8FDC-42A3-9474-1A3956D46DE8}") = "Transfer", "Transfer", "{255B62C7-335E-4C05-A3E9-A507285A441B}"
EndProject
Project("{2150E333-8FDC-42A3-9474-1A3956D46DE8}") = "Api", "Api", "{91EF1CEC-7D4A-46B2-AFE4-C7E863E16F06}"
EndProject
Project("{2150E333-8FDC-42A3-9474-1A3956D46DE8}") = "Application", "Application", "{79056F2F-5FBB-491D-81D5-8A9B9AC9F443}"
EndProject
Project("{2150E333-8FDC-42A3-9474-1A3956D46DE8}") = "Data", "Data", "{693B8CAC-2825-41F9-802A-709E7877966D}"
EndProject
Project("{2150E333-8FDC-42A3-9474-1A3956D46DE8}") = "Domain", "Domain", "{2B990A5A-8E18-4E6F-8493-9B53B9BF6CA4}"
EndProject
Project("{9A19103F-16F7-4668-BE54-9A1E7A4F7556}") = "MicroRabbit.Transfer.Api", "MicroRabbit.Transfer.Api\MicroRabbit.Transfer.Api.csproj", "{8D42825D-210A-4641-8ACD-774982EAA550}"
EndProject
Project("{FAE04EC0-301F-11D3-BF4B-00C04F79EFBC}") = "MicroRabbit.Transfer.Application", "MicroRabbit.Transfer.Application\MicroRabbit.Transfer.Application.csproj", "{ED5C0458-2CDF-40D7-A06B-123D71B4C2D5}"
EndProject
Project("{FAE04EC0-301F-11D3-BF4B-00C04F79EFBC}") = "MicroRabbit.Transfer.Data", "MicroRabbit.Transfer.Data\MicroRabbit.Transfer.Data.csproj", "{9FEDC189-30C9-4800-8AB1-C45DE4384EF3}"
EndProject
Project("{FAE04EC0-301F-11D3-BF4B-00C04F79EFBC}") = "MicroRabbit.Transfer.Domain", "MicroRabbit.Transfer.Domain\MicroRabbit.Transfer.Domain.csproj", "{F88AFE1E-D766-4F23-84BD-7615B0548761}"
EndProject
Global
	GlobalSection(SolutionConfigurationPlatforms) = preSolution
		Debug|Any CPU = Debug|Any CPU
		Release|Any CPU = Release|Any CPU
	EndGlobalSection
	GlobalSection(ProjectConfigurationPlatforms) = postSolution
		{AFB6EBDF-2291-4780-A0E4-EA210940537F}.Debug|Any CPU.ActiveCfg = Debug|Any CPU
		{AFB6EBDF-2291-4780-A0E4-EA210940537F}.Debug|Any CPU.Build.0 = Debug|Any CPU
		{AFB6EBDF-2291-4780-A0E4-EA210940537F}.Release|Any CPU.ActiveCfg = Release|Any CPU
		{AFB6EBDF-2291-4780-A0E4-EA210940537F}.Release|Any CPU.Build.0 = Release|Any CPU
		{F6B2DEB5-2D32-4F20-8F17-8041026FA4DF}.Debug|Any CPU.ActiveCfg = Debug|Any CPU
		{F6B2DEB5-2D32-4F20-8F17-8041026FA4DF}.Debug|Any CPU.Build.0 = Debug|Any CPU
		{F6B2DEB5-2D32-4F20-8F17-8041026FA4DF}.Release|Any CPU.ActiveCfg = Release|Any CPU
		{F6B2DEB5-2D32-4F20-8F17-8041026FA4DF}.Release|Any CPU.Build.0 = Release|Any CPU
		{E5714A08-1F40-4EB0-9A18-3D853E47DACF}.Debug|Any CPU.ActiveCfg = Debug|Any CPU
		{E5714A08-1F40-4EB0-9A18-3D853E47DACF}.Debug|Any CPU.Build.0 = Debug|Any CPU
		{E5714A08-1F40-4EB0-9A18-3D853E47DACF}.Release|Any CPU.ActiveCfg = Release|Any CPU
		{E5714A08-1F40-4EB0-9A18-3D853E47DACF}.Release|Any CPU.Build.0 = Release|Any CPU
		{5812F2E0-653D-41D4-87DA-2754C0511396}.Debug|Any CPU.ActiveCfg = Debug|Any CPU
		{5812F2E0-653D-41D4-87DA-2754C0511396}.Debug|Any CPU.Build.0 = Debug|Any CPU
		{5812F2E0-653D-41D4-87DA-2754C0511396}.Release|Any CPU.ActiveCfg = Release|Any CPU
		{5812F2E0-653D-41D4-87DA-2754C0511396}.Release|Any CPU.Build.0 = Release|Any CPU
		{1A06DBFE-7B81-47EC-82AB-7A91C97F16ED}.Debug|Any CPU.ActiveCfg = Debug|Any CPU
		{1A06DBFE-7B81-47EC-82AB-7A91C97F16ED}.Debug|Any CPU.Build.0 = Debug|Any CPU
		{1A06DBFE-7B81-47EC-82AB-7A91C97F16ED}.Release|Any CPU.ActiveCfg = Release|Any CPU
		{1A06DBFE-7B81-47EC-82AB-7A91C97F16ED}.Release|Any CPU.Build.0 = Release|Any CPU
		{2690DFD4-79DA-40CA-891A-9B5302D0F77F}.Debug|Any CPU.ActiveCfg = Debug|Any CPU
		{2690DFD4-79DA-40CA-891A-9B5302D0F77F}.Debug|Any CPU.Build.0 = Debug|Any CPU
		{2690DFD4-79DA-40CA-891A-9B5302D0F77F}.Release|Any CPU.ActiveCfg = Release|Any CPU
		{2690DFD4-79DA-40CA-891A-9B5302D0F77F}.Release|Any CPU.Build.0 = Release|Any CPU
		{8C1C5EFE-2267-4335-92F6-4289D4596080}.Debug|Any CPU.ActiveCfg = Debug|Any CPU
		{8C1C5EFE-2267-4335-92F6-4289D4596080}.Debug|Any CPU.Build.0 = Debug|Any CPU
		{8C1C5EFE-2267-4335-92F6-4289D4596080}.Release|Any CPU.ActiveCfg = Release|Any CPU
		{8C1C5EFE-2267-4335-92F6-4289D4596080}.Release|Any CPU.Build.0 = Release|Any CPU
		{8D42825D-210A-4641-8ACD-774982EAA550}.Debug|Any CPU.ActiveCfg = Debug|Any CPU
		{8D42825D-210A-4641-8ACD-774982EAA550}.Debug|Any CPU.Build.0 = Debug|Any CPU
		{8D42825D-210A-4641-8ACD-774982EAA550}.Release|Any CPU.ActiveCfg = Release|Any CPU
		{8D42825D-210A-4641-8ACD-774982EAA550}.Release|Any CPU.Build.0 = Release|Any CPU
		{ED5C0458-2CDF-40D7-A06B-123D71B4C2D5}.Debug|Any CPU.ActiveCfg = Debug|Any CPU
		{ED5C0458-2CDF-40D7-A06B-123D71B4C2D5}.Debug|Any CPU.Build.0 = Debug|Any CPU
		{ED5C0458-2CDF-40D7-A06B-123D71B4C2D5}.Release|Any CPU.ActiveCfg = Release|Any CPU
		{ED5C0458-2CDF-40D7-A06B-123D71B4C2D5}.Release|Any CPU.Build.0 = Release|Any CPU
		{9FEDC189-30C9-4800-8AB1-C45DE4384EF3}.Debug|Any CPU.ActiveCfg = Debug|Any CPU
		{9FEDC189-30C9-4800-8AB1-C45DE4384EF3}.Debug|Any CPU.Build.0 = Debug|Any CPU
		{9FEDC189-30C9-4800-8AB1-C45DE4384EF3}.Release|Any CPU.ActiveCfg = Release|Any CPU
		{9FEDC189-30C9-4800-8AB1-C45DE4384EF3}.Release|Any CPU.Build.0 = Release|Any CPU
		{F88AFE1E-D766-4F23-84BD-7615B0548761}.Debug|Any CPU.ActiveCfg = Debug|Any CPU
		{F88AFE1E-D766-4F23-84BD-7615B0548761}.Debug|Any CPU.Build.0 = Debug|Any CPU
		{F88AFE1E-D766-4F23-84BD-7615B0548761}.Release|Any CPU.ActiveCfg = Release|Any CPU
		{F88AFE1E-D766-4F23-84BD-7615B0548761}.Release|Any CPU.Build.0 = Release|Any CPU
	EndGlobalSection
	GlobalSection(SolutionProperties) = preSolution
		HideSolutionNode = FALSE
	EndGlobalSection
	GlobalSection(NestedProjects) = preSolution
		{AFB6EBDF-2291-4780-A0E4-EA210940537F} = {B8435411-CADB-416A-8160-B37281D05C65}
		{F6B2DEB5-2D32-4F20-8F17-8041026FA4DF} = {403D6AE3-CE0F-4F9F-8801-3685592E67E8}
		{E5714A08-1F40-4EB0-9A18-3D853E47DACF} = {E539CA64-1F01-4F9B-8EF4-4F6C366DF6C2}
		{3439B912-8660-4C57-9C73-B3AC96A52D12} = {C9E39B1B-789C-4863-BCFA-9A378E7CA49A}
		{6E5ED5F4-8511-4879-A003-A69E659F0280} = {3439B912-8660-4C57-9C73-B3AC96A52D12}
		{34FB1015-6DFC-45EB-AF7C-5E502CB841A8} = {3439B912-8660-4C57-9C73-B3AC96A52D12}
		{0C7CD7AA-732E-44DC-9C5C-258AF53265A9} = {3439B912-8660-4C57-9C73-B3AC96A52D12}
		{697CC9E4-99D3-4F3D-9511-0E7389267D00} = {3439B912-8660-4C57-9C73-B3AC96A52D12}
		{5812F2E0-653D-41D4-87DA-2754C0511396} = {6E5ED5F4-8511-4879-A003-A69E659F0280}
		{1A06DBFE-7B81-47EC-82AB-7A91C97F16ED} = {34FB1015-6DFC-45EB-AF7C-5E502CB841A8}
		{2690DFD4-79DA-40CA-891A-9B5302D0F77F} = {0C7CD7AA-732E-44DC-9C5C-258AF53265A9}
		{8C1C5EFE-2267-4335-92F6-4289D4596080} = {697CC9E4-99D3-4F3D-9511-0E7389267D00}
		{255B62C7-335E-4C05-A3E9-A507285A441B} = {C9E39B1B-789C-4863-BCFA-9A378E7CA49A}
		{91EF1CEC-7D4A-46B2-AFE4-C7E863E16F06} = {255B62C7-335E-4C05-A3E9-A507285A441B}
		{79056F2F-5FBB-491D-81D5-8A9B9AC9F443} = {255B62C7-335E-4C05-A3E9-A507285A441B}
		{693B8CAC-2825-41F9-802A-709E7877966D} = {255B62C7-335E-4C05-A3E9-A507285A441B}
		{2B990A5A-8E18-4E6F-8493-9B53B9BF6CA4} = {255B62C7-335E-4C05-A3E9-A507285A441B}
		{8D42825D-210A-4641-8ACD-774982EAA550} = {91EF1CEC-7D4A-46B2-AFE4-C7E863E16F06}
		{ED5C0458-2CDF-40D7-A06B-123D71B4C2D5} = {79056F2F-5FBB-491D-81D5-8A9B9AC9F443}
		{9FEDC189-30C9-4800-8AB1-C45DE4384EF3} = {693B8CAC-2825-41F9-802A-709E7877966D}
		{F88AFE1E-D766-4F23-84BD-7615B0548761} = {2B990A5A-8E18-4E6F-8493-9B53B9BF6CA4}
	EndGlobalSection
	GlobalSection(ExtensibilityGlobals) = postSolution
		SolutionGuid = {3B1571F0-101F-40B8-AC0A-85E967DA3DD7}
	EndGlobalSection
EndGlobal
